
Microsoft Visual Studio Solution File, Format Version 12.00
Project("{FAE04EC0-301F-11D3-BF4B-00C04F79EFBC}") = "DemoAspMVC", "DemoAspMVC\DemoAspMVC.csproj", "{C33D1CDA-1651-44B5-B29C-E0BDFCC18CBE}"
EndProject
Project("{2150E333-8FDC-42A3-9474-1A3956D46DE8}") = "FrontEnd", "FrontEnd", "{FF82E794-A629-408E-8EED-3364173644EB}"
EndProject
Project("{2150E333-8FDC-42A3-9474-1A3956D46DE8}") = "BackEnd", "BackEnd", "{E6AC4F5E-5D73-4D89-A0AF-CCE22AE083C9}"
EndProject
Project("{FAE04EC0-301F-11D3-BF4B-00C04F79EFBC}") = "ProductApi", "ProductApi\ProductApi.csproj", "{06F500DC-D212-46E5-B2F1-1524FFCD0EAF}"
EndProject
Project("{FAE04EC0-301F-11D3-BF4B-00C04F79EFBC}") = "IdentityServer", "IdentityServer\IdentityServer.csproj", "{08CAC1A0-92DC-4B40-9366-B8F544B20F43}"
EndProject
Global
	GlobalSection(SolutionConfigurationPlatforms) = preSolution
		Debug|Any CPU = Debug|Any CPU
		Release|Any CPU = Release|Any CPU
	EndGlobalSection
	GlobalSection(ProjectConfigurationPlatforms) = postSolution
		{C33D1CDA-1651-44B5-B29C-E0BDFCC18CBE}.Debug|Any CPU.ActiveCfg = Debug|Any CPU
		{C33D1CDA-1651-44B5-B29C-E0BDFCC18CBE}.Debug|Any CPU.Build.0 = Debug|Any CPU
		{C33D1CDA-1651-44B5-B29C-E0BDFCC18CBE}.Release|Any CPU.ActiveCfg = Release|Any CPU
		{C33D1CDA-1651-44B5-B29C-E0BDFCC18CBE}.Release|Any CPU.Build.0 = Release|Any CPU
		{06F500DC-D212-46E5-B2F1-1524FFCD0EAF}.Debug|Any CPU.ActiveCfg = Debug|Any CPU
		{06F500DC-D212-46E5-B2F1-1524FFCD0EAF}.Debug|Any CPU.Build.0 = Debug|Any CPU
		{06F500DC-D212-46E5-B2F1-1524FFCD0EAF}.Release|Any CPU.ActiveCfg = Release|Any CPU
		{06F500DC-D212-46E5-B2F1-1524FFCD0EAF}.Release|Any CPU.Build.0 = Release|Any CPU
		{08CAC1A0-92DC-4B40-9366-B8F544B20F43}.Debug|Any CPU.ActiveCfg = Debug|Any CPU
		{08CAC1A0-92DC-4B40-9366-B8F544B20F43}.Debug|Any CPU.Build.0 = Debug|Any CPU
		{08CAC1A0-92DC-4B40-9366-B8F544B20F43}.Release|Any CPU.ActiveCfg = Release|Any CPU
		{08CAC1A0-92DC-4B40-9366-B8F544B20F43}.Release|Any CPU.Build.0 = Release|Any CPU
	EndGlobalSection
	GlobalSection(NestedProjects) = preSolution
		{C33D1CDA-1651-44B5-B29C-E0BDFCC18CBE} = {FF82E794-A629-408E-8EED-3364173644EB}
		{06F500DC-D212-46E5-B2F1-1524FFCD0EAF} = {E6AC4F5E-5D73-4D89-A0AF-CCE22AE083C9}
		{08CAC1A0-92DC-4B40-9366-B8F544B20F43} = {E6AC4F5E-5D73-4D89-A0AF-CCE22AE083C9}
	EndGlobalSection
EndGlobal
